
Microsoft Visual Studio Solution File, Format Version 12.00
# Visual Studio Version 16
VisualStudioVersion = 16.0.28803.352
MinimumVisualStudioVersion = 10.0.40219.1
Project("{FAE04EC0-301F-11D3-BF4B-00C04F79EFBC}") = "TinyUniversity", "TinyUniversity\TinyUniversity.csproj", "{2B04405B-330D-49BB-9BAE-5D57611658AD}"
EndProject
Global
	GlobalSection(SolutionConfigurationPlatforms) = preSolution
		Debug|Any CPU = Debug|Any CPU
		Release|Any CPU = Release|Any CPU
	EndGlobalSection
	GlobalSection(ProjectConfigurationPlatforms) = postSolution
		{2B04405B-330D-49BB-9BAE-5D57611658AD}.Debug|Any CPU.ActiveCfg = Debug|Any CPU
		{2B04405B-330D-49BB-9BAE-5D57611658AD}.Debug|Any CPU.Build.0 = Debug|Any CPU
		{2B04405B-330D-49BB-9BAE-5D57611658AD}.Release|Any CPU.ActiveCfg = Release|Any CPU
		{2B04405B-330D-49BB-9BAE-5D57611658AD}.Release|Any CPU.Build.0 = Release|Any CPU
	EndGlobalSection
	GlobalSection(SolutionProperties) = preSolution
		HideSolutionNode = FALSE
	EndGlobalSection
	GlobalSection(ExtensibilityGlobals) = postSolution
		SolutionGuid = {0F104278-BFE0-452D-AB26-EF834C2D3F30}
	EndGlobalSection
EndGlobal
